
Microsoft Visual Studio Solution File, Format Version 12.00
# Visual Studio 15
VisualStudioVersion = 15.0.27703.2018
MinimumVisualStudioVersion = 10.0.40219.1
Project("{FAE04EC0-301F-11D3-BF4B-00C04F79EFBC}") = "WebApplication11", "WebApplication11\WebApplication11.csproj", "{9B164B38-ACA1-4FB1-932F-5D6B557B4EB8}"
EndProject
Global
	GlobalSection(SolutionConfigurationPlatforms) = preSolution
		Debug|Any CPU = Debug|Any CPU
		Release|Any CPU = Release|Any CPU
	EndGlobalSection
	GlobalSection(ProjectConfigurationPlatforms) = postSolution
		{9B164B38-ACA1-4FB1-932F-5D6B557B4EB8}.Debug|Any CPU.ActiveCfg = Debug|Any CPU
		{9B164B38-ACA1-4FB1-932F-5D6B557B4EB8}.Debug|Any CPU.Build.0 = Debug|Any CPU
		{9B164B38-ACA1-4FB1-932F-5D6B557B4EB8}.Release|Any CPU.ActiveCfg = Release|Any CPU
		{9B164B38-ACA1-4FB1-932F-5D6B557B4EB8}.Release|Any CPU.Build.0 = Release|Any CPU
	EndGlobalSection
	GlobalSection(SolutionProperties) = preSolution
		HideSolutionNode = FALSE
	EndGlobalSection
	GlobalSection(ExtensibilityGlobals) = postSolution
		SolutionGuid = {85A4A7A7-38AA-4088-B9EF-FF0F366DC7C1}
	EndGlobalSection
EndGlobal
